
Microsoft Visual Studio Solution File, Format Version 12.00
# Visual Studio Version 17
VisualStudioVersion = 17.7.34221.43
MinimumVisualStudioVersion = 10.0.40219.1
Project("{FAE04EC0-301F-11D3-BF4B-00C04F79EFBC}") = "IksNativeClient", "IksNativeClient\IksNativeClient.csproj", "{32D5C341-50A8-4079-9158-2F57148828F8}"
EndProject
Project("{FAE04EC0-301F-11D3-BF4B-00C04F79EFBC}") = "ComBase", "ComBase\ComBase.csproj", "{F9E2ADF4-0D9D-445C-8141-6DFA5309B733}"
EndProject
Global
	GlobalSection(SolutionConfigurationPlatforms) = preSolution
		Debug|Any CPU = Debug|Any CPU
		Release|Any CPU = Release|Any CPU
	EndGlobalSection
	GlobalSection(ProjectConfigurationPlatforms) = postSolution
		{32D5C341-50A8-4079-9158-2F57148828F8}.Debug|Any CPU.ActiveCfg = Debug|Any CPU
		{32D5C341-50A8-4079-9158-2F57148828F8}.Debug|Any CPU.Build.0 = Debug|Any CPU
		{32D5C341-50A8-4079-9158-2F57148828F8}.Debug|Any CPU.Deploy.0 = Debug|Any CPU
		{32D5C341-50A8-4079-9158-2F57148828F8}.Release|Any CPU.ActiveCfg = Release|Any CPU
		{32D5C341-50A8-4079-9158-2F57148828F8}.Release|Any CPU.Build.0 = Release|Any CPU
		{32D5C341-50A8-4079-9158-2F57148828F8}.Release|Any CPU.Deploy.0 = Release|Any CPU
		{F9E2ADF4-0D9D-445C-8141-6DFA5309B733}.Debug|Any CPU.ActiveCfg = Debug|Any CPU
		{F9E2ADF4-0D9D-445C-8141-6DFA5309B733}.Debug|Any CPU.Build.0 = Debug|Any CPU
		{F9E2ADF4-0D9D-445C-8141-6DFA5309B733}.Release|Any CPU.ActiveCfg = Release|Any CPU
		{F9E2ADF4-0D9D-445C-8141-6DFA5309B733}.Release|Any CPU.Build.0 = Release|Any CPU
	EndGlobalSection
	GlobalSection(SolutionProperties) = preSolution
		HideSolutionNode = FALSE
	EndGlobalSection
	GlobalSection(ExtensibilityGlobals) = postSolution
		SolutionGuid = {1AE9AD3B-6624-46C5-A56C-278BB12B4DB9}
	EndGlobalSection
EndGlobal
