
Microsoft Visual Studio Solution File, Format Version 12.00
# Visual Studio Version 17
VisualStudioVersion = 17.7.34221.43
MinimumVisualStudioVersion = 10.0.40219.1
Project("{FAE04EC0-301F-11D3-BF4B-00C04F79EFBC}") = "IksInfoShareApp", "IksInfoShareApp\IksInfoShareApp.csproj", "{1A022B19-834C-4791-BBAA-E5F5A7B1C573}"
EndProject
Global
	GlobalSection(SolutionConfigurationPlatforms) = preSolution
		Debug|Any CPU = Debug|Any CPU
		Release|Any CPU = Release|Any CPU
	EndGlobalSection
	GlobalSection(ProjectConfigurationPlatforms) = postSolution
		{1A022B19-834C-4791-BBAA-E5F5A7B1C573}.Debug|Any CPU.ActiveCfg = Debug|Any CPU
		{1A022B19-834C-4791-BBAA-E5F5A7B1C573}.Debug|Any CPU.Build.0 = Debug|Any CPU
		{1A022B19-834C-4791-BBAA-E5F5A7B1C573}.Debug|Any CPU.Deploy.0 = Debug|Any CPU
		{1A022B19-834C-4791-BBAA-E5F5A7B1C573}.Release|Any CPU.ActiveCfg = Release|Any CPU
		{1A022B19-834C-4791-BBAA-E5F5A7B1C573}.Release|Any CPU.Build.0 = Release|Any CPU
		{1A022B19-834C-4791-BBAA-E5F5A7B1C573}.Release|Any CPU.Deploy.0 = Release|Any CPU
	EndGlobalSection
	GlobalSection(SolutionProperties) = preSolution
		HideSolutionNode = FALSE
	EndGlobalSection
	GlobalSection(ExtensibilityGlobals) = postSolution
		SolutionGuid = {C394A0BE-50C5-4C95-9FF6-E8C2959BFF07}
	EndGlobalSection
EndGlobal
